
Microsoft Visual Studio Solution File, Format Version 12.00
# Visual Studio Version 16
VisualStudioVersion = 16.0.31402.337
MinimumVisualStudioVersion = 10.0.40219.1
Project("{9A19103F-16F7-4668-BE54-9A1E7A4F7556}") = "PokemonPartySuggestion", "PockemonPartySuggestion\PokemonPartySuggestion.csproj", "{2941E880-3216-44D3-8B93-F2F0E90D4670}"
EndProject
Project("{FAE04EC0-301F-11D3-BF4B-00C04F79EFBC}") = "PokemonPartySuggestionTests", "PokemonPartySuggestionTests\PokemonPartySuggestionTests.csproj", "{93D7FA5F-9798-45E4-BD5C-2C24E357DC63}"
EndProject
Global
	GlobalSection(SolutionConfigurationPlatforms) = preSolution
		Debug|Any CPU = Debug|Any CPU
		Release|Any CPU = Release|Any CPU
	EndGlobalSection
	GlobalSection(ProjectConfigurationPlatforms) = postSolution
		{2941E880-3216-44D3-8B93-F2F0E90D4670}.Debug|Any CPU.ActiveCfg = Debug|Any CPU
		{2941E880-3216-44D3-8B93-F2F0E90D4670}.Debug|Any CPU.Build.0 = Debug|Any CPU
		{2941E880-3216-44D3-8B93-F2F0E90D4670}.Release|Any CPU.ActiveCfg = Release|Any CPU
		{2941E880-3216-44D3-8B93-F2F0E90D4670}.Release|Any CPU.Build.0 = Release|Any CPU
		{93D7FA5F-9798-45E4-BD5C-2C24E357DC63}.Debug|Any CPU.ActiveCfg = Debug|Any CPU
		{93D7FA5F-9798-45E4-BD5C-2C24E357DC63}.Debug|Any CPU.Build.0 = Debug|Any CPU
		{93D7FA5F-9798-45E4-BD5C-2C24E357DC63}.Release|Any CPU.ActiveCfg = Release|Any CPU
		{93D7FA5F-9798-45E4-BD5C-2C24E357DC63}.Release|Any CPU.Build.0 = Release|Any CPU
	EndGlobalSection
	GlobalSection(SolutionProperties) = preSolution
		HideSolutionNode = FALSE
	EndGlobalSection
	GlobalSection(ExtensibilityGlobals) = postSolution
		SolutionGuid = {3E84FBD1-7CD8-40CD-B6ED-AE973134725C}
	EndGlobalSection
EndGlobal
